// This lockfile was autogenerated by Pants. To regenerate, run:
//
//    /home/jsirois/bin/pants generate-lockfiles --resolve=autoflake
//
// --- BEGIN PANTS LOCKFILE METADATA: DO NOT EDIT OR REMOVE ---
// {
//   "version": 3,
//   "valid_for_interpreter_constraints": [
//     "CPython<4,>=3.7"
//   ],
//   "generated_with_requirements": [
//     "autoflake"
//   ],
//   "manylinux": "manylinux2014",
//   "requirement_constraints": [],
//   "only_binary": [],
//   "no_binary": []
// }
// --- END PANTS LOCKFILE METADATA ---

{
  "allow_builds": true,
  "allow_prereleases": false,
  "allow_wheels": true,
  "build_isolation": true,
  "constraints": [],
  "locked_resolves": [
    {
      "locked_requirements": [
        {
          "artifacts": [
            {
              "algorithm": "sha256",
              "hash": "d58ed4187c6b4f623a942b9a90c43ff84bf6a266f3682f407b42ca52073c9678",
              "url": "https://files.pythonhosted.org/packages/48/ec/a2761b7f2cb825f1e4e9073858c8111ac8c74fc0e945456a964e17353c1f/autoflake-2.0.0-py3-none-any.whl"
            },
            {
              "algorithm": "sha256",
              "hash": "7185b596e70d8970c6d4106c112ef41921e472bd26abf3613db99eca88cc8c2a",
              "url": "https://files.pythonhosted.org/packages/0a/ef/9730d6b873d56ac8b3e53daaa10a5ca6a7e4bf7d42a3e9b3d5abb739d3ef/autoflake-2.0.0.tar.gz"
            }
          ],
          "project_name": "autoflake",
          "requires_dists": [
            "pyflakes>=3.0.0",
            "tomli>=2.0.1; python_version < \"3.11\""
          ],
          "requires_python": ">=3.7",
          "version": "2.0.0"
        },
        {
          "artifacts": [
            {
              "algorithm": "sha256",
              "hash": "ec55bf7fe21fff7f1ad2f7da62363d749e2a470500eab1b555334b67aa1ef8cf",
              "url": "https://files.pythonhosted.org/packages/af/4c/b1c7008aa7788b3e26c06c60aa18da7d3aa1f00e344aa3f18ac92768854b/pyflakes-3.0.1-py2.py3-none-any.whl"
            },
            {
              "algorithm": "sha256",
              "hash": "ec8b276a6b60bd80defed25add7e439881c19e64850afd9b346283d4165fd0fd",
              "url": "https://files.pythonhosted.org/packages/f2/51/506ddcfab10d708e8460554cc1cf37c727a6a2cccbad8dfe57766cfce33c/pyflakes-3.0.1.tar.gz"
            }
          ],
          "project_name": "pyflakes",
          "requires_dists": [],
          "requires_python": ">=3.6",
          "version": "3.0.1"
        },
        {
          "artifacts": [
            {
              "algorithm": "sha256",
              "hash": "939de3e7a6161af0c887ef91b7d41a53e7c5a1ca976325f429cb46ea9bc30ecc",
              "url": "https://files.pythonhosted.org/packages/97/75/10a9ebee3fd790d20926a90a2547f0bf78f371b2f13aa822c759680ca7b9/tomli-2.0.1-py3-none-any.whl"
            },
            {
              "algorithm": "sha256",
              "hash": "de526c12914f0c550d15924c62d72abc48d6fe7364aa87328337a31007fe8a4f",
              "url": "https://files.pythonhosted.org/packages/c0/3f/d7af728f075fb08564c5949a9c95e44352e23dee646869fa104a3b2060a3/tomli-2.0.1.tar.gz"
            }
          ],
          "project_name": "tomli",
          "requires_dists": [],
          "requires_python": ">=3.7",
          "version": "2.0.1"
        }
      ],
      "platform_tag": null
    }
  ],
  "path_mappings": {},
  "pex_version": "2.1.121",
  "pip_version": "20.3.4-patched",
  "prefer_older_binary": false,
  "requirements": [
    "autoflake"
  ],
  "requires_python": [
    "<4,>=3.7"
  ],
  "resolver_version": "pip-2020-resolver",
  "style": "universal",
  "target_systems": [
    "linux",
    "mac"
  ],
  "transitive": true,
  "use_pep517": null
}
