// This lockfile was autogenerated by Pants. To regenerate, run:
//
//    /home/jsirois/bin/pants generate-lockfiles --resolve=isort
//
// --- BEGIN PANTS LOCKFILE METADATA: DO NOT EDIT OR REMOVE ---
// {
//   "version": 3,
//   "valid_for_interpreter_constraints": [
//     "CPython<4,>=3.7"
//   ],
//   "generated_with_requirements": [
//     "isort"
//   ],
//   "manylinux": "manylinux2014",
//   "requirement_constraints": [],
//   "only_binary": [],
//   "no_binary": []
// }
// --- END PANTS LOCKFILE METADATA ---

{
  "allow_builds": true,
  "allow_prereleases": false,
  "allow_wheels": true,
  "build_isolation": true,
  "constraints": [],
  "locked_resolves": [
    {
      "locked_requirements": [
        {
          "artifacts": [
            {
              "algorithm": "sha256",
              "hash": "c033fd0edb91000a7f09527fe5c75321878f98322a77ddcc81adbd83724afb7b",
              "url": "https://files.pythonhosted.org/packages/91/3b/a63bafb8141b67c397841b36ad46e7469716af2b2d00cb0be2dfb9667130/isort-5.11.4-py3-none-any.whl"
            },
            {
              "algorithm": "sha256",
              "hash": "6db30c5ded9815d813932c04c2f85a360bcdd35fed496f4d8f35495ef0a261b6",
              "url": "https://files.pythonhosted.org/packages/76/46/004e2dd6c312e8bb7cb40a6c01b770956e0ef137857e82d47bd9c829356b/isort-5.11.4.tar.gz"
            }
          ],
          "project_name": "isort",
          "requires_dists": [
            "colorama<0.5.0,>=0.4.3; extra == \"colors\"",
            "pip-api; extra == \"requirements-deprecated-finder\"",
            "pipreqs; extra == \"pipfile-deprecated-finder\" or extra == \"requirements-deprecated-finder\"",
            "requirementslib; extra == \"pipfile-deprecated-finder\"",
            "setuptools; extra == \"plugins\""
          ],
          "requires_python": ">=3.7.0",
          "version": "5.11.4"
        }
      ],
      "platform_tag": null
    }
  ],
  "path_mappings": {},
  "pex_version": "2.1.119",
  "pip_version": "20.3.4-patched",
  "prefer_older_binary": false,
  "requirements": [
    "isort"
  ],
  "requires_python": [
    "<4,>=3.7"
  ],
  "resolver_version": "pip-2020-resolver",
  "style": "universal",
  "target_systems": [
    "linux",
    "mac"
  ],
  "transitive": true,
  "use_pep517": null
}
